
Microsoft Visual Studio Solution File, Format Version 12.00
# Visual Studio Version 17
VisualStudioVersion = 17.1.32328.378
MinimumVisualStudioVersion = 10.0.40219.1
Project("{FAE04EC0-301F-11D3-BF4B-00C04F79EFBC}") = "Propreties_Example", "Propreties_Example\Propreties_Example.csproj", "{316D9637-270D-4D3A-B8F4-05C0EA8FE72B}"
EndProject
Global
	GlobalSection(SolutionConfigurationPlatforms) = preSolution
		Debug|Any CPU = Debug|Any CPU
		Release|Any CPU = Release|Any CPU
	EndGlobalSection
	GlobalSection(ProjectConfigurationPlatforms) = postSolution
		{316D9637-270D-4D3A-B8F4-05C0EA8FE72B}.Debug|Any CPU.ActiveCfg = Debug|Any CPU
		{316D9637-270D-4D3A-B8F4-05C0EA8FE72B}.Debug|Any CPU.Build.0 = Debug|Any CPU
		{316D9637-270D-4D3A-B8F4-05C0EA8FE72B}.Release|Any CPU.ActiveCfg = Release|Any CPU
		{316D9637-270D-4D3A-B8F4-05C0EA8FE72B}.Release|Any CPU.Build.0 = Release|Any CPU
	EndGlobalSection
	GlobalSection(SolutionProperties) = preSolution
		HideSolutionNode = FALSE
	EndGlobalSection
	GlobalSection(ExtensibilityGlobals) = postSolution
		SolutionGuid = {C894A7E6-C2F5-41FE-82BD-AB4CD5437DEC}
	EndGlobalSection
EndGlobal
